{
 "m1/ex-2.9.1": "cc008d091abaa2e4cceaec8bb5c443b76978796c",
 "m1/ex-2.9.2": "552cf7e66efcaa50b9200fe6c9b7a0e1de0b06ac",
 "m1/ex-2.9.3": "0a27a3edd92ce4420fa8be52250d715ee7c56a92",
 "m1/ex-2.9.4": "bacf4b76adb5d71f4b1dcaf6ec61bacd18457b07",
 "m2/ex-2.1.1": "27e7837cd192f5a2d6f2769020d3325df8e4eb1e",
 "m2/ex-2.1.2": "5f25bd959929252b24b710b02ff4ed28bee31cad",
 "ngpt-scaling": "9e058721a0a6440562e37318263664ce2fcf2283"
}
