{
 "m1/ex-2.9.1": "cc008d091abaa2e4cceaec8bb5c443b76978796c",
 "m1/ex-2.9.2": "8d2275c845fa98085d92614e941876fa2e41c5c7",
 "m1/ex-2.9.3": "b56ffec2d5a421f1841216d5cf495b802506cf6e",
 "m1/ex-2.9.4": "e3ed637f0b32e7e0b36e0645d721d2e897e5f891",
 "m2/ex-2.1.1": "5c22525b9a018406092ef96fc64a67001f6123a1",
 "m2/ex-2.1.2": "3c4b18cc8e159351d40a292880c1ea6f9e1e0f5f",
 "ngpt-scaling": "9e058721a0a6440562e37318263664ce2fcf2283"
}
