{
 "m1/ex-2.9.1": "64e19842e0a7e7b85b0c6ed13b6e00ab07346d55",
 "m1/ex-2.9.2": "64e19842e0a7e7b85b0c6ed13b6e00ab07346d55",
 "m1/ex-2.9.3": "64e19842e0a7e7b85b0c6ed13b6e00ab07346d55",
 "m1/ex-2.9.4": "64e19842e0a7e7b85b0c6ed13b6e00ab07346d55",
 "m2/ex-2.1.1": "86ed283dd39d5fb7ac80ad6ece184c7dbed74009",
 "ngpt-scaling": "64e19842e0a7e7b85b0c6ed13b6e00ab07346d55"
}
